
Microsoft Visual Studio Solution File, Format Version 12.00
# Visual Studio Version 17
VisualStudioVersion = 17.0.32014.148
MinimumVisualStudioVersion = 10.0.40219.1
Project("{9A19103F-16F7-4668-BE54-9A1E7A4F7556}") = "TEJ0017_FakturacniSystem", "TEJ0017_FakturacniSystem\TEJ0017_FakturacniSystem.csproj", "{96701B3D-43A6-4F75-AC8A-429772BCE945}"
EndProject
Global
	GlobalSection(SolutionConfigurationPlatforms) = preSolution
		Debug|Any CPU = Debug|Any CPU
		Release|Any CPU = Release|Any CPU
	EndGlobalSection
	GlobalSection(ProjectConfigurationPlatforms) = postSolution
		{96701B3D-43A6-4F75-AC8A-429772BCE945}.Debug|Any CPU.ActiveCfg = Debug|Any CPU
		{96701B3D-43A6-4F75-AC8A-429772BCE945}.Debug|Any CPU.Build.0 = Debug|Any CPU
		{96701B3D-43A6-4F75-AC8A-429772BCE945}.Release|Any CPU.ActiveCfg = Release|Any CPU
		{96701B3D-43A6-4F75-AC8A-429772BCE945}.Release|Any CPU.Build.0 = Release|Any CPU
	EndGlobalSection
	GlobalSection(SolutionProperties) = preSolution
		HideSolutionNode = FALSE
	EndGlobalSection
	GlobalSection(ExtensibilityGlobals) = postSolution
		SolutionGuid = {2216E8A3-9D0A-4EEA-B9F3-D37EC397A13D}
	EndGlobalSection
EndGlobal
